# This file is automatically @generated by Cargo.
# It is not intended for manual editing.
version = 4

[[package]]
name = "basalto-cli"
version = "0.0.1"
dependencies = [
 "basalto-shared",
]

[[package]]
name = "basalto-shared"
version = "1.0.0"
source = "git+ssh://git@github.com/ShadeC0der/basalto-shared.git?tag=v1.0.0#a534974bfb5bf12737557fd72154843e3ac700cf"
